
Microsoft Visual Studio Solution File, Format Version 12.00
# Visual Studio 15
VisualStudioVersion = 15.0.27130.2020
MinimumVisualStudioVersion = 10.0.40219.1
Project("{8BC9CEB8-8B4A-11D0-8D11-00A0C91BC942}") = "PyMTBoost", "PyMTBoost\PyMTBoost.vcxproj", "{F0E76163-64A3-48FC-A9F2-F84EAB2CF189}"
EndProject
Global
	GlobalSection(SolutionConfigurationPlatforms) = preSolution
		Debug|x64 = Debug|x64
		Debug|x86 = Debug|x86
		Release|x64 = Release|x64
		Release|x86 = Release|x86
	EndGlobalSection
	GlobalSection(ProjectConfigurationPlatforms) = postSolution
		{F0E76163-64A3-48FC-A9F2-F84EAB2CF189}.Debug|x64.ActiveCfg = Debug|x64
		{F0E76163-64A3-48FC-A9F2-F84EAB2CF189}.Debug|x64.Build.0 = Debug|x64
		{F0E76163-64A3-48FC-A9F2-F84EAB2CF189}.Debug|x86.ActiveCfg = Debug|Win32
		{F0E76163-64A3-48FC-A9F2-F84EAB2CF189}.Debug|x86.Build.0 = Debug|Win32
		{F0E76163-64A3-48FC-A9F2-F84EAB2CF189}.Release|x64.ActiveCfg = Release|x64
		{F0E76163-64A3-48FC-A9F2-F84EAB2CF189}.Release|x64.Build.0 = Release|x64
		{F0E76163-64A3-48FC-A9F2-F84EAB2CF189}.Release|x86.ActiveCfg = Release|Win32
		{F0E76163-64A3-48FC-A9F2-F84EAB2CF189}.Release|x86.Build.0 = Release|Win32
	EndGlobalSection
	GlobalSection(SolutionProperties) = preSolution
		HideSolutionNode = FALSE
	EndGlobalSection
	GlobalSection(ExtensibilityGlobals) = postSolution
		SolutionGuid = {7E24B360-C35D-49D5-8883-256A60EB38EB}
	EndGlobalSection
EndGlobal
